github.com/christopherriley/json2go v0.0.0-20250605194201-f7d4511c48a3 h1:dZo7Ju6klkG4o0+8ZCeiX+ETsd13P3+JL0jXgcCSxjQ=
github.com/christopherriley/json2go v0.0.0-20250605194201-f7d4511c48a3/go.mod h1:MPYfTk78oyRW0sRrgVM9p6k9lpmiX5vHsjzQ6mvZESo=
github.com/christopherriley/json2go v0.0.0-20250605201317-9a7f05d5a59c h1:qkSktJ0I99xxYB0AKAkFh2NK1VbE4SwsfCRHZY/pqr4=
github.com/christopherriley/json2go v0.0.0-20250605201317-9a7f05d5a59c/go.mod h1:MPYfTk78oyRW0sRrgVM9p6k9lpmiX5vHsjzQ6mvZESo=
github.com/christopherriley/json2go v0.0.0-20250605213146-af17d9b8503b h1:o2azNkGJlB17OF/Og4HNPn8ckYF/x/chVEdjDwbv+qA=
github.com/christopherriley/json2go v0.0.0-20250605213146-af17d9b8503b/go.mod h1:MPYfTk78oyRW0sRrgVM9p6k9lpmiX5vHsjzQ6mvZESo=
